
Microsoft Visual Studio Solution File, Format Version 12.00
# Visual Studio Version 17
VisualStudioVersion = 17.12.35728.132
MinimumVisualStudioVersion = 10.0.40219.1
Project("{FAE04EC0-301F-11D3-BF4B-00C04F79EFBC}") = "Keel.Domain.CleanCode", "src\Keel.Domain.CleanCode\Keel.Domain.CleanCode.csproj", "{430FA1E1-205A-4CEF-B869-C2DA40FAB6E5}"
EndProject
Project("{FAE04EC0-301F-11D3-BF4B-00C04F79EFBC}") = "Keel.Infra.WebApi", "src\Keel.Infra.WebApi\Keel.Infra.WebApi.csproj", "{7AF689AF-73E1-42F9-9DB1-ADFC150A50CF}"
EndProject
Project("{FAE04EC0-301F-11D3-BF4B-00C04F79EFBC}") = "Keel.Infra.RabbitMQ", "src\Keel.Infra.RabbitMQ\Keel.Infra.RabbitMQ.csproj", "{37D352EB-F8A5-49FF-B28B-95A2D35F4745}"
EndProject
Project("{FAE04EC0-301F-11D3-BF4B-00C04F79EFBC}") = "Keel.Infra.Db", "src\Keel.Infra.Db\Keel.Infra.Db.csproj", "{7717B8F3-7172-444B-980F-BAB9BF410C7F}"
EndProject
Project("{2150E333-8FDC-42A3-9474-1A3956D46DE8}") = "src", "src", "{02EA681E-C7D8-13C7-8484-4AC65E1B71E8}"
EndProject
Project("{FAE04EC0-301F-11D3-BF4B-00C04F79EFBC}") = "Keel.Infra.Db.SqlServer", "src\Keel.Infra.Db.SqlServer\Keel.Infra.Db.SqlServer.csproj", "{369F838A-9484-4661-993B-1A419D3A5AF4}"
EndProject
Global
	GlobalSection(SolutionConfigurationPlatforms) = preSolution
		Debug|Any CPU = Debug|Any CPU
		Release|Any CPU = Release|Any CPU
	EndGlobalSection
	GlobalSection(ProjectConfigurationPlatforms) = postSolution
		{430FA1E1-205A-4CEF-B869-C2DA40FAB6E5}.Debug|Any CPU.ActiveCfg = Debug|Any CPU
		{430FA1E1-205A-4CEF-B869-C2DA40FAB6E5}.Debug|Any CPU.Build.0 = Debug|Any CPU
		{430FA1E1-205A-4CEF-B869-C2DA40FAB6E5}.Release|Any CPU.ActiveCfg = Release|Any CPU
		{430FA1E1-205A-4CEF-B869-C2DA40FAB6E5}.Release|Any CPU.Build.0 = Release|Any CPU
		{7AF689AF-73E1-42F9-9DB1-ADFC150A50CF}.Debug|Any CPU.ActiveCfg = Debug|Any CPU
		{7AF689AF-73E1-42F9-9DB1-ADFC150A50CF}.Debug|Any CPU.Build.0 = Debug|Any CPU
		{7AF689AF-73E1-42F9-9DB1-ADFC150A50CF}.Release|Any CPU.ActiveCfg = Release|Any CPU
		{7AF689AF-73E1-42F9-9DB1-ADFC150A50CF}.Release|Any CPU.Build.0 = Release|Any CPU
		{37D352EB-F8A5-49FF-B28B-95A2D35F4745}.Debug|Any CPU.ActiveCfg = Debug|Any CPU
		{37D352EB-F8A5-49FF-B28B-95A2D35F4745}.Debug|Any CPU.Build.0 = Debug|Any CPU
		{37D352EB-F8A5-49FF-B28B-95A2D35F4745}.Release|Any CPU.ActiveCfg = Release|Any CPU
		{37D352EB-F8A5-49FF-B28B-95A2D35F4745}.Release|Any CPU.Build.0 = Release|Any CPU
		{7717B8F3-7172-444B-980F-BAB9BF410C7F}.Debug|Any CPU.ActiveCfg = Debug|Any CPU
		{7717B8F3-7172-444B-980F-BAB9BF410C7F}.Debug|Any CPU.Build.0 = Debug|Any CPU
		{7717B8F3-7172-444B-980F-BAB9BF410C7F}.Release|Any CPU.ActiveCfg = Release|Any CPU
		{7717B8F3-7172-444B-980F-BAB9BF410C7F}.Release|Any CPU.Build.0 = Release|Any CPU
		{369F838A-9484-4661-993B-1A419D3A5AF4}.Debug|Any CPU.ActiveCfg = Debug|Any CPU
		{369F838A-9484-4661-993B-1A419D3A5AF4}.Debug|Any CPU.Build.0 = Debug|Any CPU
		{369F838A-9484-4661-993B-1A419D3A5AF4}.Release|Any CPU.ActiveCfg = Release|Any CPU
		{369F838A-9484-4661-993B-1A419D3A5AF4}.Release|Any CPU.Build.0 = Release|Any CPU
	EndGlobalSection
	GlobalSection(SolutionProperties) = preSolution
		HideSolutionNode = FALSE
	EndGlobalSection
	GlobalSection(NestedProjects) = preSolution
		{430FA1E1-205A-4CEF-B869-C2DA40FAB6E5} = {02EA681E-C7D8-13C7-8484-4AC65E1B71E8}
		{7AF689AF-73E1-42F9-9DB1-ADFC150A50CF} = {02EA681E-C7D8-13C7-8484-4AC65E1B71E8}
		{37D352EB-F8A5-49FF-B28B-95A2D35F4745} = {02EA681E-C7D8-13C7-8484-4AC65E1B71E8}
		{7717B8F3-7172-444B-980F-BAB9BF410C7F} = {02EA681E-C7D8-13C7-8484-4AC65E1B71E8}
		{369F838A-9484-4661-993B-1A419D3A5AF4} = {02EA681E-C7D8-13C7-8484-4AC65E1B71E8}
	EndGlobalSection
	GlobalSection(ExtensibilityGlobals) = postSolution
		SolutionGuid = {BB56E97F-9C75-4812-AB65-B9D141C9EDD6}
	EndGlobalSection
EndGlobal
